
Microsoft Visual Studio Solution File, Format Version 12.00
# Visual Studio Version 17
VisualStudioVersion = 17.5.33516.290
MinimumVisualStudioVersion = 10.0.40219.1
Project("{9A19103F-16F7-4668-BE54-9A1E7A4F7556}") = "MonitoresTFC", "MonitoresTFC\MonitoresTFC.csproj", "{FE9B6A75-E31A-4D6C-BDA6-38B3CC52A9A3}"
EndProject
Global
	GlobalSection(SolutionConfigurationPlatforms) = preSolution
		Debug|Any CPU = Debug|Any CPU
		Release|Any CPU = Release|Any CPU
	EndGlobalSection
	GlobalSection(ProjectConfigurationPlatforms) = postSolution
		{FE9B6A75-E31A-4D6C-BDA6-38B3CC52A9A3}.Debug|Any CPU.ActiveCfg = Debug|Any CPU
		{FE9B6A75-E31A-4D6C-BDA6-38B3CC52A9A3}.Debug|Any CPU.Build.0 = Debug|Any CPU
		{FE9B6A75-E31A-4D6C-BDA6-38B3CC52A9A3}.Release|Any CPU.ActiveCfg = Release|Any CPU
		{FE9B6A75-E31A-4D6C-BDA6-38B3CC52A9A3}.Release|Any CPU.Build.0 = Release|Any CPU
	EndGlobalSection
	GlobalSection(SolutionProperties) = preSolution
		HideSolutionNode = FALSE
	EndGlobalSection
	GlobalSection(ExtensibilityGlobals) = postSolution
		SolutionGuid = {1ED8E574-8C71-483F-AFD2-2A0E76F83CA0}
	EndGlobalSection
EndGlobal
